Microsoft Visual Studio Solution File, Format Version 12.00
# Visual Studio Version 17
VisualStudioVersion = 17.5.2.0
MinimumVisualStudioVersion = 10.0.40219.1
Project("{FAE04EC0-301F-11D3-BF4B-00C04F79EFBC}") = "assignment01_animation_and_inputs", "assignment01_animation_and_inputs.csproj", "{AC70FE47-BC96-97CA-E425-9534AB06DD8D}"
EndProject
Global
	GlobalSection(SolutionConfigurationPlatforms) = preSolution
		Debug|Any CPU = Debug|Any CPU
		Release|Any CPU = Release|Any CPU
	EndGlobalSection
	GlobalSection(ProjectConfigurationPlatforms) = postSolution
		{AC70FE47-BC96-97CA-E425-9534AB06DD8D}.Debug|Any CPU.ActiveCfg = Debug|Any CPU
		{AC70FE47-BC96-97CA-E425-9534AB06DD8D}.Debug|Any CPU.Build.0 = Debug|Any CPU
		{AC70FE47-BC96-97CA-E425-9534AB06DD8D}.Release|Any CPU.ActiveCfg = Release|Any CPU
		{AC70FE47-BC96-97CA-E425-9534AB06DD8D}.Release|Any CPU.Build.0 = Release|Any CPU
	EndGlobalSection
	GlobalSection(SolutionProperties) = preSolution
		HideSolutionNode = FALSE
	EndGlobalSection
	GlobalSection(ExtensibilityGlobals) = postSolution
		SolutionGuid = {7B694692-62C2-4EB7-BADA-DB8AE3DED754}
	EndGlobalSection
EndGlobal
